
Microsoft Visual Studio Solution File, Format Version 12.00
# Visual Studio Version 17
VisualStudioVersion = 17.10.35013.160
MinimumVisualStudioVersion = 10.0.40219.1
Project("{FAE04EC0-301F-11D3-BF4B-00C04F79EFBC}") = "MVC", "MVC\MVC.csproj", "{55CC3240-3ED4-4AA6-8281-44FBDFF6DF66}"
EndProject
Global
	GlobalSection(SolutionConfigurationPlatforms) = preSolution
		Debug|Any CPU = Debug|Any CPU
		Release|Any CPU = Release|Any CPU
	EndGlobalSection
	GlobalSection(ProjectConfigurationPlatforms) = postSolution
		{55CC3240-3ED4-4AA6-8281-44FBDFF6DF66}.Debug|Any CPU.ActiveCfg = Debug|Any CPU
		{55CC3240-3ED4-4AA6-8281-44FBDFF6DF66}.Debug|Any CPU.Build.0 = Debug|Any CPU
		{55CC3240-3ED4-4AA6-8281-44FBDFF6DF66}.Release|Any CPU.ActiveCfg = Release|Any CPU
		{55CC3240-3ED4-4AA6-8281-44FBDFF6DF66}.Release|Any CPU.Build.0 = Release|Any CPU
	EndGlobalSection
	GlobalSection(SolutionProperties) = preSolution
		HideSolutionNode = FALSE
	EndGlobalSection
	GlobalSection(ExtensibilityGlobals) = postSolution
		SolutionGuid = {BE88A06D-FE33-4D9F-8FBF-86CFB0F29F8A}
	EndGlobalSection
EndGlobal
